
Microsoft Visual Studio Solution File, Format Version 12.00
# Visual Studio 15
VisualStudioVersion = 15.0.27703.2026
MinimumVisualStudioVersion = 10.0.40219.1
Project("{9A19103F-16F7-4668-BE54-9A1E7A4F7556}") = "ConsoleApp", "Console\ConsoleApp.csproj", "{E8C8072A-CCA5-416C-8087-3E1B4B45FD1B}"
EndProject
Project("{9A19103F-16F7-4668-BE54-9A1E7A4F7556}") = "UnitTest", "UnitTest\UnitTest.csproj", "{5067828F-3A49-4F71-B03B-FAD88B8674F2}"
EndProject
Project("{9A19103F-16F7-4668-BE54-9A1E7A4F7556}") = "socks5", "socks5\socks5.csproj", "{B1A31708-7AC8-44C9-BBB3-999BEBE1FA5B}"
EndProject
Global
	GlobalSection(SolutionConfigurationPlatforms) = preSolution
		Debug|Any CPU = Debug|Any CPU
		Release|Any CPU = Release|Any CPU
	EndGlobalSection
	GlobalSection(ProjectConfigurationPlatforms) = postSolution
		{E8C8072A-CCA5-416C-8087-3E1B4B45FD1B}.Debug|Any CPU.ActiveCfg = Debug|Any CPU
		{E8C8072A-CCA5-416C-8087-3E1B4B45FD1B}.Debug|Any CPU.Build.0 = Debug|Any CPU
		{E8C8072A-CCA5-416C-8087-3E1B4B45FD1B}.Release|Any CPU.ActiveCfg = Release|Any CPU
		{E8C8072A-CCA5-416C-8087-3E1B4B45FD1B}.Release|Any CPU.Build.0 = Release|Any CPU
		{5067828F-3A49-4F71-B03B-FAD88B8674F2}.Debug|Any CPU.ActiveCfg = Debug|Any CPU
		{5067828F-3A49-4F71-B03B-FAD88B8674F2}.Debug|Any CPU.Build.0 = Debug|Any CPU
		{5067828F-3A49-4F71-B03B-FAD88B8674F2}.Release|Any CPU.ActiveCfg = Release|Any CPU
		{5067828F-3A49-4F71-B03B-FAD88B8674F2}.Release|Any CPU.Build.0 = Release|Any CPU
		{B1A31708-7AC8-44C9-BBB3-999BEBE1FA5B}.Debug|Any CPU.ActiveCfg = Debug|Any CPU
		{B1A31708-7AC8-44C9-BBB3-999BEBE1FA5B}.Debug|Any CPU.Build.0 = Debug|Any CPU
		{B1A31708-7AC8-44C9-BBB3-999BEBE1FA5B}.Release|Any CPU.ActiveCfg = Release|Any CPU
		{B1A31708-7AC8-44C9-BBB3-999BEBE1FA5B}.Release|Any CPU.Build.0 = Release|Any CPU
	EndGlobalSection
	GlobalSection(SolutionProperties) = preSolution
		HideSolutionNode = FALSE
	EndGlobalSection
	GlobalSection(ExtensibilityGlobals) = postSolution
		SolutionGuid = {EABA9D74-4048-43C5-A9A5-37C5F85BC0C8}
	EndGlobalSection
EndGlobal
